
Microsoft Visual Studio Solution File, Format Version 12.00
# Visual Studio Version 17
VisualStudioVersion = 17.0.31903.59
MinimumVisualStudioVersion = 10.0.40219.1
Project("{FAE04EC0-301F-11D3-BF4B-00C04F79EFBC}") = "EmployeeManagementSystem", "EmployeeManagementSystem\EmployeeManagementSystem.csproj", "{75B6F798-969B-42A8-9838-7C7C4F4C599E}"
EndProject
Project("{FAE04EC0-301F-11D3-BF4B-00C04F79EFBC}") = "BankingManagementSystem", "BankingManagementSystem\BankingManagementSystem.csproj", "{55C6407F-2198-4243-A257-C56F809208E6}"
EndProject
Global
	GlobalSection(SolutionConfigurationPlatforms) = preSolution
		Debug|Any CPU = Debug|Any CPU
		Debug|x64 = Debug|x64
		Debug|x86 = Debug|x86
		Release|Any CPU = Release|Any CPU
		Release|x64 = Release|x64
		Release|x86 = Release|x86
	EndGlobalSection
	GlobalSection(ProjectConfigurationPlatforms) = postSolution
		{75B6F798-969B-42A8-9838-7C7C4F4C599E}.Debug|Any CPU.ActiveCfg = Debug|Any CPU
		{75B6F798-969B-42A8-9838-7C7C4F4C599E}.Debug|Any CPU.Build.0 = Debug|Any CPU
		{75B6F798-969B-42A8-9838-7C7C4F4C599E}.Debug|x64.ActiveCfg = Debug|Any CPU
		{75B6F798-969B-42A8-9838-7C7C4F4C599E}.Debug|x64.Build.0 = Debug|Any CPU
		{75B6F798-969B-42A8-9838-7C7C4F4C599E}.Debug|x86.ActiveCfg = Debug|Any CPU
		{75B6F798-969B-42A8-9838-7C7C4F4C599E}.Debug|x86.Build.0 = Debug|Any CPU
		{75B6F798-969B-42A8-9838-7C7C4F4C599E}.Release|Any CPU.ActiveCfg = Release|Any CPU
		{75B6F798-969B-42A8-9838-7C7C4F4C599E}.Release|Any CPU.Build.0 = Release|Any CPU
		{75B6F798-969B-42A8-9838-7C7C4F4C599E}.Release|x64.ActiveCfg = Release|Any CPU
		{75B6F798-969B-42A8-9838-7C7C4F4C599E}.Release|x64.Build.0 = Release|Any CPU
		{75B6F798-969B-42A8-9838-7C7C4F4C599E}.Release|x86.ActiveCfg = Release|Any CPU
		{75B6F798-969B-42A8-9838-7C7C4F4C599E}.Release|x86.Build.0 = Release|Any CPU
		{55C6407F-2198-4243-A257-C56F809208E6}.Debug|Any CPU.ActiveCfg = Debug|Any CPU
		{55C6407F-2198-4243-A257-C56F809208E6}.Debug|Any CPU.Build.0 = Debug|Any CPU
		{55C6407F-2198-4243-A257-C56F809208E6}.Debug|x64.ActiveCfg = Debug|Any CPU
		{55C6407F-2198-4243-A257-C56F809208E6}.Debug|x64.Build.0 = Debug|Any CPU
		{55C6407F-2198-4243-A257-C56F809208E6}.Debug|x86.ActiveCfg = Debug|Any CPU
		{55C6407F-2198-4243-A257-C56F809208E6}.Debug|x86.Build.0 = Debug|Any CPU
		{55C6407F-2198-4243-A257-C56F809208E6}.Release|Any CPU.ActiveCfg = Release|Any CPU
		{55C6407F-2198-4243-A257-C56F809208E6}.Release|Any CPU.Build.0 = Release|Any CPU
		{55C6407F-2198-4243-A257-C56F809208E6}.Release|x64.ActiveCfg = Release|Any CPU
		{55C6407F-2198-4243-A257-C56F809208E6}.Release|x64.Build.0 = Release|Any CPU
		{55C6407F-2198-4243-A257-C56F809208E6}.Release|x86.ActiveCfg = Release|Any CPU
		{55C6407F-2198-4243-A257-C56F809208E6}.Release|x86.Build.0 = Release|Any CPU
	EndGlobalSection
	GlobalSection(SolutionProperties) = preSolution
		HideSolutionNode = FALSE
	EndGlobalSection
EndGlobal
